{
  "version": "4",
  "specifiers": {
    "jsr:@vanilladb/main@~0.2.2": "0.3.0"
  },
  "jsr": {
    "@vanilladb/main@0.2.2": {
      "integrity": "3bdb0c33edc4f77e1612ba98d242923ecefa8079da55d5bcddf061be635652fb"
    }
  },
  "workspace": {
    "dependencies": [
      "jsr:@vanilladb/main@~0.2.2"
    ]
  }
}
